schema: '2.0'
stages:
  prepare:
    cmd: python src/prepare.py
    deps:
    - path: data/raw/train
      hash: md5
      md5: d22f36d84cf8f9dcee107dc7495751f9.dir
      size: 322671133
      nfiles: 12594
    - path: data/raw/valid
      hash: md5
      md5: 61f78567cc8c8fd485202b2ff5088478.dir
      size: 13492484
      nfiles: 500
    - path: src/prepare.py
      hash: md5
      md5: 1c0ebbfa3bc4099537cb5f3d7d06e9cf
      size: 2048
    outs:
    - path: data/prepared/test.csv
      hash: md5
      md5: 07b4043337578c1c7e531de45ff751b5
      size: 43726
    - path: data/prepared/train.csv
      hash: md5
      md5: 1c592a5bcea92375f1d22199f20ea1ec
      size: 1146421
  train:
    cmd: python src/train.py
    deps:
    - path: data/prepared/train.csv
      hash: md5
      md5: 1c592a5bcea92375f1d22199f20ea1ec
      size: 1146421
    - path: src/train.py
      hash: md5
      md5: 6b053938e4cd9c0db0c5a87e3f25274f
      size: 1680
    outs:
    - path: models/etc.joblib
      hash: md5
      md5: 75a02621df0d8ee4705ddbc6d8423cdb
      size: 16662105
    - path: models/rfc.joblib
      hash: md5
      md5: 74ad295c080e76de3e5ff596e752f37a
      size: 216281
    - path: models/sgd.joblib
      hash: md5
      md5: 8696933759c6b008e9705265f700f061
      size: 24012675
  evaluate:
    cmd: python src/evaluate.py
    deps:
    - path: models/etc.joblib
      hash: md5
      md5: 75a02621df0d8ee4705ddbc6d8423cdb
      size: 16662105
    - path: models/rfc.joblib
      hash: md5
      md5: 74ad295c080e76de3e5ff596e752f37a
      size: 216281
    - path: models/sgd.joblib
      hash: md5
      md5: 8696933759c6b008e9705265f700f061
      size: 24012675
    - path: src/evaluate.py
      hash: md5
      md5: 6a16822dc68bc4775583d8eaeff813fd
      size: 788
    outs:
    - path: metrics/etc_accuracy.json
      hash: md5
      md5: c9d4e7a94d831dd87f34f5be996895a8
      size: 19
    - path: metrics/rfc_accuracy.json
      hash: md5
      md5: ca5b15d338d87295504d1515a90860a8
      size: 18
    - path: metrics/sgd_accuracy.json
      hash: md5
      md5: 9036027359995f83864b46b0e44672be
      size: 19
